
Microsoft Visual Studio Solution File, Format Version 12.00
# Visual Studio Version 17
VisualStudioVersion = 17.3.32922.545
MinimumVisualStudioVersion = 10.0.40219.1
Project("{FAE04EC0-301F-11D3-BF4B-00C04F79EFBC}") = "CoffeShop", "CoffeShop.csproj", "{E929EA88-4EB2-4AB7-A320-875DE3AEF6B0}"
EndProject
Global
	GlobalSection(SolutionConfigurationPlatforms) = preSolution
		Debug|Any CPU = Debug|Any CPU
		Release|Any CPU = Release|Any CPU
	EndGlobalSection
	GlobalSection(ProjectConfigurationPlatforms) = postSolution
		{E929EA88-4EB2-4AB7-A320-875DE3AEF6B0}.Debug|Any CPU.ActiveCfg = Debug|Any CPU
		{E929EA88-4EB2-4AB7-A320-875DE3AEF6B0}.Debug|Any CPU.Build.0 = Debug|Any CPU
		{E929EA88-4EB2-4AB7-A320-875DE3AEF6B0}.Release|Any CPU.ActiveCfg = Release|Any CPU
		{E929EA88-4EB2-4AB7-A320-875DE3AEF6B0}.Release|Any CPU.Build.0 = Release|Any CPU
	EndGlobalSection
	GlobalSection(SolutionProperties) = preSolution
		HideSolutionNode = FALSE
	EndGlobalSection
	GlobalSection(ExtensibilityGlobals) = postSolution
		SolutionGuid = {D9B79726-7C57-43C1-BE16-0729745BE2D7}
	EndGlobalSection
EndGlobal
